// !$*UTF8*$!
{
	archiveVersion = 1;
	classes = {
	};
	objectVersion = 50;
	objects = {

/* Begin PBXBuildFile section */
		3307CD0123DF296D00BF62D0 /* AppDelegate.swift in Sources */ = {isa = PBXBuildFile; fileRef = 3307CD0023DF296D00BF62D0 /* AppDelegate.swift */; };
		3307CD0323DF296D00BF62D0 /* SceneDelegate.swift in Sources */ = {isa = PBXBuildFile; fileRef = 3307CD0223DF296D00BF62D0 /* SceneDelegate.swift */; };
		3307CD0523DF296D00BF62D0 /* ViewController.swift in Sources */ = {isa = PBXBuildFile; fileRef = 3307CD0423DF296D00BF62D0 /* ViewController.swift */; };
		3307CD0823DF296E00BF62D0 /* Main.storyboard in Resources */ = {isa = PBXBuildFile; fileRef = 3307CD0623DF296E00BF62D0 /* Main.storyboard */; };
		3307CD0A23DF297200BF62D0 /* Assets.xcassets in Resources */ = {isa = PBXBuildFile; fileRef = 3307CD0923DF297200BF62D0 /* Assets.xcassets */; };
		3307CD0D23DF297200BF62D0 /* LaunchScreen.storyboard in Resources */ = {isa = PBXBuildFile; fileRef = 3307CD0B23DF297200BF62D0 /* LaunchScreen.storyboard */; };
		3307CD1823DF297200BF62D0 /* MusicWireframeTests.swift in Sources */ = {isa = PBXBuildFile; fileRef = 3307CD1723DF297200BF62D0 /* MusicWireframeTests.swift */; };
		3307CD2323DF297300BF62D0 /* MusicWireframeUITests.swift in Sources */ = {isa = PBXBuildFile; fileRef = 3307CD2223DF297300BF62D0 /* MusicWireframeUITests.swift */; };
/* End PBXBuildFile section */

/* Begin PBXContainerItemProxy section */
		3307CD1423DF297200BF62D0 /* PBXContainerItemProxy */ = {
			isa = PBXContainerItemProxy;
			containerPortal = 3307CCF523DF296D00BF62D0 /* Project object */;
			proxyType = 1;
			remoteGlobalIDString = 3307CCFC23DF296D00BF62D0;
			remoteInfo = MusicWireframe;
		};
		3307CD1F23DF297300BF62D0 /* PBXContainerItemProxy */ = {
			isa = PBXContainerItemProxy;
			containerPortal = 3307CCF523DF296D00BF62D0 /* Project object */;
			proxyType = 1;
			remoteGlobalIDString = 3307CCFC23DF296D00BF62D0;
			remoteInfo = MusicWireframe;
		};
/* End PBXContainerItemProxy section */

/* Begin PBXFileReference section */
		3307CCFD23DF296D00BF62D0 /* MusicWireframe.app */ = {isa = PBXFileReference; explicitFileType = wrapper.application; includeInIndex = 0; path = MusicWireframe.app; sourceTree = BUILT_PRODUCTS_DIR; };
		3307CD0023DF296D00BF62D0 /* AppDelegate.swift */ = {isa = PBXFileReference; lastKnownFileType = sourcecode.swift; path = AppDelegate.swift; sourceTree = "<group>"; };
		3307CD0223DF296D00BF62D0 /* SceneDelegate.swift */ = {isa = PBXFileReference; lastKnownFileType = sourcecode.swift; path = SceneDelegate.swift; sourceTree = "<group>"; };
		3307CD0423DF296D00BF62D0 /* ViewController.swift */ = {isa = PBXFileReference; lastKnownFileType = sourcecode.swift; path = ViewController.swift; sourceTree = "<group>"; };
		3307CD0723DF296E00BF62D0 /* Base */ = {isa = PBXFileReference; lastKnownFileType = file.storyboard; name = Base; path = Base.lproj/Main.storyboard; sourceTree = "<group>"; };
		3307CD0923DF297200BF62D0 /* Assets.xcassets */ = {isa = PBXFileReference; lastKnownFileType = folder.assetcatalog; path = Assets.xcassets; sourceTree = "<group>"; };
		3307CD0C23DF297200BF62D0 /* Base */ = {isa = PBXFileReference; lastKnownFileType = file.storyboard; name = Base; path = Base.lproj/LaunchScreen.storyboard; sourceTree = "<group>"; };
		3307CD0E23DF297200BF62D0 /* Info.plist */ = {isa = PBXFileReference; lastKnownFileType = text.plist.xml; path = Info.plist; sourceTree = "<group>"; };
		3307CD1323DF297200BF62D0 /* MusicWireframeTests.xctest */ = {isa = PBXFileReference; explicitFileType = wrapper.cfbundle; includeInIndex = 0; path = MusicWireframeTests.xctest; sourceTree = BUILT_PRODUCTS_DIR; };
		3307CD1723DF297200BF62D0 /* MusicWireframeTests.swift */ = {isa = PBXFileReference; lastKnownFileType = sourcecode.swift; path = MusicWireframeTests.swift; sourceTree = "<group>"; };
		3307CD1923DF297200BF62D0 /* Info.plist */ = {isa = PBXFileReference; lastKnownFileType = text.plist.xml; path = Info.plist; sourceTree = "<group>"; };
		3307CD1E23DF297300BF62D0 /* MusicWireframeUITests.xctest */ = {isa = PBXFileReference; explicitFileType = wrapper.cfbundle; includeInIndex = 0; path = MusicWireframeUITests.xctest; sourceTree = BUILT_PRODUCTS_DIR; };
		3307CD2223DF297300BF62D0 /* MusicWireframeUITests.swift */ = {isa = PBXFileReference; lastKnownFileType = sourcecode.swift; path = MusicWireframeUITests.swift; sourceTree = "<group>"; };
		3307CD2423DF297300BF62D0 /* Info.plist */ = {isa = PBXFileReference; lastKnownFileType = text.plist.xml; path = Info.plist; sourceTree = "<group>"; };
/* End PBXFileReference section */

/* Begin PBXFrameworksBuildPhase section */
		3307CCFA23DF296D00BF62D0 /* Frameworks */ = {
			isa = PBXFrameworksBuildPhase;
			buildActionMask = 2147483647;
			files = (
			);
			runOnlyForDeploymentPostprocessing = 0;
		};
		3307CD1023DF297200BF62D0 /* Frameworks */ = {
			isa = PBXFrameworksBuildPhase;
			buildActionMask = 2147483647;
			files = (
			);
			runOnlyForDeploymentPostprocessing = 0;
		};
		3307CD1B23DF297300BF62D0 /* Frameworks */ = {
			isa = PBXFrameworksBuildPhase;
			buildActionMask = 2147483647;
			files = (
			);
			runOnlyForDeploymentPostprocessing = 0;
		};
/* End PBXFrameworksBuildPhase section */

/* Begin PBXGroup section */
		3307CCF423DF296D00BF62D0 = {
			isa = PBXGroup;
			children = (
				3307CCFF23DF296D00BF62D0 /* MusicWireframe */,
				3307CD1623DF297200BF62D0 /* MusicWireframeTests */,
				3307CD2123DF297300BF62D0 /* MusicWireframeUITests */,
				3307CCFE23DF296D00BF62D0 /* Products */,
			);
			sourceTree = "<group>";
		};
		3307CCFE23DF296D00BF62D0 /* Products */ = {
			isa = PBXGroup;
			children = (
				3307CCFD23DF296D00BF62D0 /* MusicWireframe.app */,
				3307CD1323DF297200BF62D0 /* MusicWireframeTests.xctest */,
				3307CD1E23DF297300BF62D0 /* MusicWireframeUITests.xctest */,
			);
			name = Products;
			sourceTree = "<group>";
		};
		3307CCFF23DF296D00BF62D0 /* MusicWireframe */ = {
			isa = PBXGroup;
			children = (
				3307CD0023DF296D00BF62D0 /* AppDelegate.swift */,
				3307CD0223DF296D00BF62D0 /* SceneDelegate.swift */,
				3307CD0423DF296D00BF62D0 /* ViewController.swift */,
				3307CD0623DF296E00BF62D0 /* Main.storyboard */,
				3307CD0923DF297200BF62D0 /* Assets.xcassets */,
				3307CD0B23DF297200BF62D0 /* LaunchScreen.storyboard */,
				3307CD0E23DF297200BF62D0 /* Info.plist */,
			);
			path = MusicWireframe;
			sourceTree = "<group>";
		};
		3307CD1623DF297200BF62D0 /* MusicWireframeTests */ = {
			isa = PBXGroup;
			children = (
				3307CD1723DF297200BF62D0 /* MusicWireframeTests.swift */,
				3307CD1923DF297200BF62D0 /* Info.plist */,
			);
			path = MusicWireframeTests;
			sourceTree = "<group>";
		};
		3307CD2123DF297300BF62D0 /* MusicWireframeUITests */ = {
			isa = PBXGroup;
			children = (
				3307CD2223DF297300BF62D0 /* MusicWireframeUITests.swift */,
				3307CD2423DF297300BF62D0 /* Info.plist */,
			);
			path = MusicWireframeUITests;
			sourceTree = "<group>";
		};
/* End PBXGroup section */

/* Begin PBXNativeTarget section */
		3307CCFC23DF296D00BF62D0 /* MusicWireframe */ = {
			isa = PBXNativeTarget;
			buildConfigurationList = 3307CD2723DF297300BF62D0 /* Build configuration list for PBXNativeTarget "MusicWireframe" */;
			buildPhases = (
				3307CCF923DF296D00BF62D0 /* Sources */,
				3307CCFA23DF296D00BF62D0 /* Frameworks */,
				3307CCFB23DF296D00BF62D0 /* Resources */,
			);
			buildRules = (
			);
			dependencies = (
			);
			name = MusicWireframe;
			productName = MusicWireframe;
			productReference = 3307CCFD23DF296D00BF62D0 /* MusicWireframe.app */;
			productType = "com.apple.product-type.application";
		};
		3307CD1223DF297200BF62D0 /* MusicWireframeTests */ = {
			isa = PBXNativeTarget;
			buildConfigurationList = 3307CD2A23DF297300BF62D0 /* Build configuration list for PBXNativeTarget "MusicWireframeTests" */;
			buildPhases = (
				3307CD0F23DF297200BF62D0 /* Sources */,
				3307CD1023DF297200BF62D0 /* Frameworks */,
				3307CD1123DF297200BF62D0 /* Resources */,
			);
			buildRules = (
			);
			dependencies = (
				3307CD1523DF297200BF62D0 /* PBXTargetDependency */,
			);
			name = MusicWireframeTests;
			productName = MusicWireframeTests;
			productReference = 3307CD1323DF297200BF62D0 /* MusicWireframeTests.xctest */;
			productType = "com.apple.product-type.bundle.unit-test";
		};
		3307CD1D23DF297300BF62D0 /* MusicWireframeUITests */ = {
			isa = PBXNativeTarget;
			buildConfigurationList = 3307CD2D23DF297300BF62D0 /* Build configuration list for PBXNativeTarget "MusicWireframeUITests" */;
			buildPhases = (
				3307CD1A23DF297300BF62D0 /* Sources */,
				3307CD1B23DF297300BF62D0 /* Frameworks */,
				3307CD1C23DF297300BF62D0 /* Resources */,
			);
			buildRules = (
			);
			dependencies = (
				3307CD2023DF297300BF62D0 /* PBXTargetDependency */,
			);
			name = MusicWireframeUITests;
			productName = MusicWireframeUITests;
			productReference = 3307CD1E23DF297300BF62D0 /* MusicWireframeUITests.xctest */;
			productType = "com.apple.product-type.bundle.ui-testing";
		};
/* End PBXNativeTarget section */

/* Begin PBXProject section */
		3307CCF523DF296D00BF62D0 /* Project object */ = {
			isa = PBXProject;
			attributes = {
				LastSwiftUpdateCheck = 1130;
				LastUpgradeCheck = 1130;
				ORGANIZATIONNAME = "Alice Zhong";
				TargetAttributes = {
					3307CCFC23DF296D00BF62D0 = {
						CreatedOnToolsVersion = 11.3;
					};
					3307CD1223DF297200BF62D0 = {
						CreatedOnToolsVersion = 11.3;
						TestTargetID = 3307CCFC23DF296D00BF62D0;
					};
					3307CD1D23DF297300BF62D0 = {
						CreatedOnToolsVersion = 11.3;
						TestTargetID = 3307CCFC23DF296D00BF62D0;
					};
				};
			};
			buildConfigurationList = 3307CCF823DF296D00BF62D0 /* Build configuration list for PBXProject "MusicWireframe" */;
			compatibilityVersion = "Xcode 9.3";
			developmentRegion = en;
			hasScannedForEncodings = 0;
			knownRegions = (
				en,
				Base,
			);
			mainGroup = 3307CCF423DF296D00BF62D0;
			productRefGroup = 3307CCFE23DF296D00BF62D0 /* Products */;
			projectDirPath = "";
			projectRoot = "";
			targets = (
				3307CCFC23DF296D00BF62D0 /* MusicWireframe */,
				3307CD1223DF297200BF62D0 /* MusicWireframeTests */,
				3307CD1D23DF297300BF62D0 /* MusicWireframeUITests */,
			);
		};
/* End PBXProject section */

/* Begin PBXResourcesBuildPhase section */
		3307CCFB23DF296D00BF62D0 /* Resources */ = {
			isa = PBXResourcesBuildPhase;
			buildActionMask = 2147483647;
			files = (
				3307CD0D23DF297200BF62D0 /* LaunchScreen.storyboard in Resources */,
				3307CD0A23DF297200BF62D0 /* Assets.xcassets in Resources */,
				3307CD0823DF296E00BF62D0 /* Main.storyboard in Resources */,
			);
			runOnlyForDeploymentPostprocessing = 0;
		};
		3307CD1123DF297200BF62D0 /* Resources */ = {
			isa = PBXResourcesBuildPhase;
			buildActionMask = 2147483647;
			files = (
			);
			runOnlyForDeploymentPostprocessing = 0;
		};
		3307CD1C23DF297300BF62D0 /* Resources */ = {
			isa = PBXResourcesBuildPhase;
			buildActionMask = 2147483647;
			files = (
			);
			runOnlyForDeploymentPostprocessing = 0;
		};
/* End PBXResourcesBuildPhase section */

/* Begin PBXSourcesBuildPhase section */
		3307CCF923DF296D00BF62D0 /* Sources */ = {
			isa = PBXSourcesBuildPhase;
			buildActionMask = 2147483647;
			files = (
				3307CD0523DF296D00BF62D0 /* ViewController.swift in Sources */,
				3307CD0123DF296D00BF62D0 /* AppDelegate.swift in Sources */,
				3307CD0323DF296D00BF62D0 /* SceneDelegate.swift in Sources */,
			);
			runOnlyForDeploymentPostprocessing = 0;
		};
		3307CD0F23DF297200BF62D0 /* Sources */ = {
			isa = PBXSourcesBuildPhase;
			buildActionMask = 2147483647;
			files = (
				3307CD1823DF297200BF62D0 /* MusicWireframeTests.swift in Sources */,
			);
			runOnlyForDeploymentPostprocessing = 0;
		};
		3307CD1A23DF297300BF62D0 /* Sources */ = {
			isa = PBXSourcesBuildPhase;
			buildActionMask = 2147483647;
			files = (
				3307CD2323DF297300BF62D0 /* MusicWireframeUITests.swift in Sources */,
			);
			runOnlyForDeploymentPostprocessing = 0;
		};
/* End PBXSourcesBuildPhase section */

/* Begin PBXTargetDependency section */
		3307CD1523DF297200BF62D0 /* PBXTargetDependency */ = {
			isa = PBXTargetDependency;
			target = 3307CCFC23DF296D00BF62D0 /* MusicWireframe */;
			targetProxy = 3307CD1423DF297200BF62D0 /* PBXContainerItemProxy */;
		};
		3307CD2023DF297300BF62D0 /* PBXTargetDependency */ = {
			isa = PBXTargetDependency;
			target = 3307CCFC23DF296D00BF62D0 /* MusicWireframe */;
			targetProxy = 3307CD1F23DF297300BF62D0 /* PBXContainerItemProxy */;
		};
/* End PBXTargetDependency section */

/* Begin PBXVariantGroup section */
		3307CD0623DF296E00BF62D0 /* Main.storyboard */ = {
			isa = PBXVariantGroup;
			children = (
				3307CD0723DF296E00BF62D0 /* Base */,
			);
			name = Main.storyboard;
			sourceTree = "<group>";
		};
		3307CD0B23DF297200BF62D0 /* LaunchScreen.storyboard */ = {
			isa = PBXVariantGroup;
			children = (
				3307CD0C23DF297200BF62D0 /* Base */,
			);
			name = LaunchScreen.storyboard;
			sourceTree = "<group>";
		};
/* End PBXVariantGroup section */

/* Begin XCBuildConfiguration section */
		3307CD2523DF297300BF62D0 /* Debug */ = {
			isa = XCBuildConfiguration;
			buildSettings = {
				ALWAYS_SEARCH_USER_PATHS = NO;
				CLANG_ANALYZER_NONNULL = YES;
				CLANG_ANALYZER_NUMBER_OBJECT_CONVERSION = YES_AGGRESSIVE;
				CLANG_CXX_LANGUAGE_STANDARD = "gnu++14";
				CLANG_CXX_LIBRARY = "libc++";
				CLANG_ENABLE_MODULES = YES;
				CLANG_ENABLE_OBJC_ARC = YES;
				CLANG_ENABLE_OBJC_WEAK = YES;
				CLANG_WARN_BLOCK_CAPTURE_AUTORELEASING = YES;
				CLANG_WARN_BOOL_CONVERSION = YES;
				CLANG_WARN_COMMA = YES;
				CLANG_WARN_CONSTANT_CONVERSION = YES;
				CLANG_WARN_DEPRECATED_OBJC_IMPLEMENTATIONS = YES;
				CLANG_WARN_DIRECT_OBJC_ISA_USAGE = YES_ERROR;
				CLANG_WARN_DOCUMENTATION_COMMENTS = YES;
				CLANG_WARN_EMPTY_BODY = YES;
				CLANG_WARN_ENUM_CONVERSION = YES;
				CLANG_WARN_INFINITE_RECURSION = YES;
				CLANG_WARN_INT_CONVERSION = YES;
				CLANG_WARN_NON_LITERAL_NULL_CONVERSION = YES;
				CLANG_WARN_OBJC_IMPLICIT_RETAIN_SELF = YES;
				CLANG_WARN_OBJC_LITERAL_CONVERSION = YES;
				CLANG_WARN_OBJC_ROOT_CLASS = YES_ERROR;
				CLANG_WARN_RANGE_LOOP_ANALYSIS = YES;
				CLANG_WARN_STRICT_PROTOTYPES = YES;
				CLANG_WARN_SUSPICIOUS_MOVE = YES;
				CLANG_WARN_UNGUARDED_AVAILABILITY = YES_AGGRESSIVE;
				CLANG_WARN_UNREACHABLE_CODE = YES;
				CLANG_WARN__DUPLICATE_METHOD_MATCH = YES;
				COPY_PHASE_STRIP = NO;
				DEBUG_INFORMATION_FORMAT = dwarf;
				ENABLE_STRICT_OBJC_MSGSEND = YES;
				ENABLE_TESTABILITY = YES;
				GCC_C_LANGUAGE_STANDARD = gnu11;
				GCC_DYNAMIC_NO_PIC = NO;
				GCC_NO_COMMON_BLOCKS = YES;
				GCC_OPTIMIZATION_LEVEL = 0;
				GCC_PREPROCESSOR_DEFINITIONS = (
					"DEBUG=1",
					"$(inherited)",
				);
				GCC_WARN_64_TO_32_BIT_CONVERSION = YES;
				GCC_WARN_ABOUT_RETURN_TYPE = YES_ERROR;
				GCC_WARN_UNDECLARED_SELECTOR = YES;
				GCC_WARN_UNINITIALIZED_AUTOS = YES_AGGRESSIVE;
				GCC_WARN_UNUSED_FUNCTION = YES;
				GCC_WARN_UNUSED_VARIABLE = YES;
				IPHONEOS_DEPLOYMENT_TARGET = 13.2;
				MTL_ENABLE_DEBUG_INFO = INCLUDE_SOURCE;
				MTL_FAST_MATH = YES;
				ONLY_ACTIVE_ARCH = YES;
				SDKROOT = iphoneos;
				SWIFT_ACTIVE_COMPILATION_CONDITIONS = DEBUG;
				SWIFT_OPTIMIZATION_LEVEL = "-Onone";
			};
			name = Debug;
		};
		3307CD2623DF297300BF62D0 /* Release */ = {
			isa = XCBuildConfiguration;
			buildSettings = {
				ALWAYS_SEARCH_USER_PATHS = NO;
				CLANG_ANALYZER_NONNULL = YES;
				CLANG_ANALYZER_NUMBER_OBJECT_CONVERSION = YES_AGGRESSIVE;
				CLANG_CXX_LANGUAGE_STANDARD = "gnu++14";
				CLANG_CXX_LIBRARY = "libc++";
				CLANG_ENABLE_MODULES = YES;
				CLANG_ENABLE_OBJC_ARC = YES;
				CLANG_ENABLE_OBJC_WEAK = YES;
				CLANG_WARN_BLOCK_CAPTURE_AUTORELEASING = YES;
				CLANG_WARN_BOOL_CONVERSION = YES;
				CLANG_WARN_COMMA = YES;
				CLANG_WARN_CONSTANT_CONVERSION = YES;
				CLANG_WARN_DEPRECATED_OBJC_IMPLEMENTATIONS = YES;
				CLANG_WARN_DIRECT_OBJC_ISA_USAGE = YES_ERROR;
				CLANG_WARN_DOCUMENTATION_COMMENTS = YES;
				CLANG_WARN_EMPTY_BODY = YES;
				CLANG_WARN_ENUM_CONVERSION = YES;
				CLANG_WARN_INFINITE_RECURSION = YES;
				CLANG_WARN_INT_CONVERSION = YES;
				CLANG_WARN_NON_LITERAL_NULL_CONVERSION = YES;
				CLANG_WARN_OBJC_IMPLICIT_RETAIN_SELF = YES;
				CLANG_WARN_OBJC_LITERAL_CONVERSION = YES;
				CLANG_WARN_OBJC_ROOT_CLASS = YES_ERROR;
				CLANG_WARN_RANGE_LOOP_ANALYSIS = YES;
				CLANG_WARN_STRICT_PROTOTYPES = YES;
				CLANG_WARN_SUSPICIOUS_MOVE = YES;
				CLANG_WARN_UNGUARDED_AVAILABILITY = YES_AGGRESSIVE;
				CLANG_WARN_UNREACHABLE_CODE = YES;
				CLANG_WARN__DUPLICATE_METHOD_MATCH = YES;
				COPY_PHASE_STRIP = NO;
				DEBUG_INFORMATION_FORMAT = "dwarf-with-dsym";
				ENABLE_NS_ASSERTIONS = NO;
				ENABLE_STRICT_OBJC_MSGSEND = YES;
				GCC_C_LANGUAGE_STANDARD = gnu11;
				GCC_NO_COMMON_BLOCKS = YES;
				GCC_WARN_64_TO_32_BIT_CONVERSION = YES;
				GCC_WARN_ABOUT_RETURN_TYPE = YES_ERROR;
				GCC_WARN_UNDECLARED_SELECTOR = YES;
				GCC_WARN_UNINITIALIZED_AUTOS = YES_AGGRESSIVE;
				GCC_WARN_UNUSED_FUNCTION = YES;
				GCC_WARN_UNUSED_VARIABLE = YES;
				IPHONEOS_DEPLOYMENT_TARGET = 13.2;
				MTL_ENABLE_DEBUG_INFO = NO;
				MTL_FAST_MATH = YES;
				SDKROOT = iphoneos;
				SWIFT_COMPILATION_MODE = wholemodule;
				SWIFT_OPTIMIZATION_LEVEL = "-O";
				VALIDATE_PRODUCT = YES;
			};
			name = Release;
		};
		3307CD2823DF297300BF62D0 /* Debug */ = {
			isa = XCBuildConfiguration;
			buildSettings = {
				ASSETCATALOG_COMPILER_APPICON_NAME = AppIcon;
				CODE_SIGN_STYLE = Automatic;
				DEVELOPMENT_TEAM = 85L65YJ92T;
				INFOPLIST_FILE = MusicWireframe/Info.plist;
				LD_RUNPATH_SEARCH_PATHS = (
					"$(inherited)",
					"@executable_path/Frameworks",
				);
				PRODUCT_BUNDLE_IDENTIFIER = AliceZhong.MusicWireframe;
				PRODUCT_NAME = "$(TARGET_NAME)";
				SWIFT_VERSION = 5.0;
				TARGETED_DEVICE_FAMILY = "1,2";
			};
			name = Debug;
		};
		3307CD2923DF297300BF62D0 /* Release */ = {
			isa = XCBuildConfiguration;
			buildSettings = {
				ASSETCATALOG_COMPILER_APPICON_NAME = AppIcon;
				CODE_SIGN_STYLE = Automatic;
				DEVELOPMENT_TEAM = 85L65YJ92T;
				INFOPLIST_FILE = MusicWireframe/Info.plist;
				LD_RUNPATH_SEARCH_PATHS = (
					"$(inherited)",
					"@executable_path/Frameworks",
				);
				PRODUCT_BUNDLE_IDENTIFIER = AliceZhong.MusicWireframe;
				PRODUCT_NAME = "$(TARGET_NAME)";
				SWIFT_VERSION = 5.0;
				TARGETED_DEVICE_FAMILY = "1,2";
			};
			name = Release;
		};
		3307CD2B23DF297300BF62D0 /* Debug */ = {
			isa = XCBuildConfiguration;
			buildSettings = {
				ALWAYS_EMBED_SWIFT_STANDARD_LIBRARIES = YES;
				BUNDLE_LOADER = "$(TEST_HOST)";
				CODE_SIGN_STYLE = Automatic;
				DEVELOPMENT_TEAM = 85L65YJ92T;
				INFOPLIST_FILE = MusicWireframeTests/Info.plist;
				IPHONEOS_DEPLOYMENT_TARGET = 13.2;
				LD_RUNPATH_SEARCH_PATHS = (
					"$(inherited)",
					"@executable_path/Frameworks",
					"@loader_path/Frameworks",
				);
				PRODUCT_BUNDLE_IDENTIFIER = AliceZhong.MusicWireframeTests;
				PRODUCT_NAME = "$(TARGET_NAME)";
				SWIFT_VERSION = 5.0;
				TARGETED_DEVICE_FAMILY = "1,2";
				TEST_HOST = "$(BUILT_PRODUCTS_DIR)/MusicWireframe.app/MusicWireframe";
			};
			name = Debug;
		};
		3307CD2C23DF297300BF62D0 /* Release */ = {
			isa = XCBuildConfiguration;
			buildSettings = {
				ALWAYS_EMBED_SWIFT_STANDARD_LIBRARIES = YES;
				BUNDLE_LOADER = "$(TEST_HOST)";
				CODE_SIGN_STYLE = Automatic;
				DEVELOPMENT_TEAM = 85L65YJ92T;
				INFOPLIST_FILE = MusicWireframeTests/Info.plist;
				IPHONEOS_DEPLOYMENT_TARGET = 13.2;
				LD_RUNPATH_SEARCH_PATHS = (
					"$(inherited)",
					"@executable_path/Frameworks",
					"@loader_path/Frameworks",
				);
				PRODUCT_BUNDLE_IDENTIFIER = AliceZhong.MusicWireframeTests;
				PRODUCT_NAME = "$(TARGET_NAME)";
				SWIFT_VERSION = 5.0;
				TARGETED_DEVICE_FAMILY = "1,2";
				TEST_HOST = "$(BUILT_PRODUCTS_DIR)/MusicWireframe.app/MusicWireframe";
			};
			name = Release;
		};
		3307CD2E23DF297300BF62D0 /* Debug */ = {
			isa = XCBuildConfiguration;
			buildSettings = {
				ALWAYS_EMBED_SWIFT_STANDARD_LIBRARIES = YES;
				CODE_SIGN_STYLE = Automatic;
				DEVELOPMENT_TEAM = 85L65YJ92T;
				INFOPLIST_FILE = MusicWireframeUITests/Info.plist;
				LD_RUNPATH_SEARCH_PATHS = (
					"$(inherited)",
					"@executable_path/Frameworks",
					"@loader_path/Frameworks",
				);
				PRODUCT_BUNDLE_IDENTIFIER = AliceZhong.MusicWireframeUITests;
				PRODUCT_NAME = "$(TARGET_NAME)";
				SWIFT_VERSION = 5.0;
				TARGETED_DEVICE_FAMILY = "1,2";
				TEST_TARGET_NAME = MusicWireframe;
			};
			name = Debug;
		};
		3307CD2F23DF297300BF62D0 /* Release */ = {
			isa = XCBuildConfiguration;
			buildSettings = {
				ALWAYS_EMBED_SWIFT_STANDARD_LIBRARIES = YES;
				CODE_SIGN_STYLE = Automatic;
				DEVELOPMENT_TEAM = 85L65YJ92T;
				INFOPLIST_FILE = MusicWireframeUITests/Info.plist;
				LD_RUNPATH_SEARCH_PATHS = (
					"$(inherited)",
					"@executable_path/Frameworks",
					"@loader_path/Frameworks",
				);
				PRODUCT_BUNDLE_IDENTIFIER = AliceZhong.MusicWireframeUITests;
				PRODUCT_NAME = "$(TARGET_NAME)";
				SWIFT_VERSION = 5.0;
				TARGETED_DEVICE_FAMILY = "1,2";
				TEST_TARGET_NAME = MusicWireframe;
			};
			name = Release;
		};
/* End XCBuildConfiguration section */

/* Begin XCConfigurationList section */
		3307CCF823DF296D00BF62D0 /* Build configuration list for PBXProject "MusicWireframe" */ = {
			isa = XCConfigurationList;
			buildConfigurations = (
				3307CD2523DF297300BF62D0 /* Debug */,
				3307CD2623DF297300BF62D0 /* Release */,
			);
			defaultConfigurationIsVisible = 0;
			defaultConfigurationName = Release;
		};
		3307CD2723DF297300BF62D0 /* Build configuration list for PBXNativeTarget "MusicWireframe" */ = {
			isa = XCConfigurationList;
			buildConfigurations = (
				3307CD2823DF297300BF62D0 /* Debug */,
				3307CD2923DF297300BF62D0 /* Release */,
			);
			defaultConfigurationIsVisible = 0;
			defaultConfigurationName = Release;
		};
		3307CD2A23DF297300BF62D0 /* Build configuration list for PBXNativeTarget "MusicWireframeTests" */ = {
			isa = XCConfigurationList;
			buildConfigurations = (
				3307CD2B23DF297300BF62D0 /* Debug */,
				3307CD2C23DF297300BF62D0 /* Release */,
			);
			defaultConfigurationIsVisible = 0;
			defaultConfigurationName = Release;
		};
		3307CD2D23DF297300BF62D0 /* Build configuration list for PBXNativeTarget "MusicWireframeUITests" */ = {
			isa = XCConfigurationList;
			buildConfigurations = (
				3307CD2E23DF297300BF62D0 /* Debug */,
				3307CD2F23DF297300BF62D0 /* Release */,
			);
			defaultConfigurationIsVisible = 0;
			defaultConfigurationName = Release;
		};
/* End XCConfigurationList section */
	};
	rootObject = 3307CCF523DF296D00BF62D0 /* Project object */;
}
